
Microsoft Visual Studio Solution File, Format Version 12.00
# Visual Studio 15
Project("{FAE04EC0-301F-11D3-BF4B-00C04F79EFBC}") = "Assembly-CSharp", "Assembly-CSharp.csproj", "{691C68DD-4106-5172-F492-92B66F96BE23}"
EndProject
Project("{FAE04EC0-301F-11D3-BF4B-00C04F79EFBC}") = "Assembly-CSharp-Editor-firstpass", "Assembly-CSharp-Editor-firstpass.csproj", "{2C40C5D4-10DE-61C0-16C0-54D95CD11CAA}"
EndProject
Global
	GlobalSection(SolutionConfigurationPlatforms) = preSolution
		Debug|Any CPU = Debug|Any CPU
		Release|Any CPU = Release|Any CPU
	EndGlobalSection
	GlobalSection(ProjectConfigurationPlatforms) = postSolution
		{691C68DD-4106-5172-F492-92B66F96BE23}.Debug|Any CPU.ActiveCfg = Debug|Any CPU
		{691C68DD-4106-5172-F492-92B66F96BE23}.Debug|Any CPU.Build.0 = Debug|Any CPU
		{691C68DD-4106-5172-F492-92B66F96BE23}.Release|Any CPU.ActiveCfg = Release|Any CPU
		{691C68DD-4106-5172-F492-92B66F96BE23}.Release|Any CPU.Build.0 = Release|Any CPU
		{2C40C5D4-10DE-61C0-16C0-54D95CD11CAA}.Debug|Any CPU.ActiveCfg = Debug|Any CPU
		{2C40C5D4-10DE-61C0-16C0-54D95CD11CAA}.Debug|Any CPU.Build.0 = Debug|Any CPU
		{2C40C5D4-10DE-61C0-16C0-54D95CD11CAA}.Release|Any CPU.ActiveCfg = Release|Any CPU
		{2C40C5D4-10DE-61C0-16C0-54D95CD11CAA}.Release|Any CPU.Build.0 = Release|Any CPU
	EndGlobalSection
	GlobalSection(SolutionProperties) = preSolution
		HideSolutionNode = FALSE
	EndGlobalSection
EndGlobal
